
Microsoft Visual Studio Solution File, Format Version 12.00
# Visual Studio Version 17
VisualStudioVersion = 17.9.34728.123
MinimumVisualStudioVersion = 10.0.40219.1
Project("{FAE04EC0-301F-11D3-BF4B-00C04F79EFBC}") = "Sync.Bi.Leads", "Sync.Bi.Leads\Sync.Bi.Leads.csproj", "{9BC187C0-FB9B-4AE5-A02C-4FBA67766124}"
EndProject
Global
	GlobalSection(SolutionConfigurationPlatforms) = preSolution
		Debug|Any CPU = Debug|Any CPU
		Release|Any CPU = Release|Any CPU
	EndGlobalSection
	GlobalSection(ProjectConfigurationPlatforms) = postSolution
		{9BC187C0-FB9B-4AE5-A02C-4FBA67766124}.Debug|Any CPU.ActiveCfg = Debug|Any CPU
		{9BC187C0-FB9B-4AE5-A02C-4FBA67766124}.Debug|Any CPU.Build.0 = Debug|Any CPU
		{9BC187C0-FB9B-4AE5-A02C-4FBA67766124}.Release|Any CPU.ActiveCfg = Release|Any CPU
		{9BC187C0-FB9B-4AE5-A02C-4FBA67766124}.Release|Any CPU.Build.0 = Release|Any CPU
	EndGlobalSection
	GlobalSection(SolutionProperties) = preSolution
		HideSolutionNode = FALSE
	EndGlobalSection
	GlobalSection(ExtensibilityGlobals) = postSolution
		SolutionGuid = {A4DA7F2A-E31F-44E2-9FE7-6F508FA4E5FA}
	EndGlobalSection
EndGlobal
